
Microsoft Visual Studio Solution File, Format Version 12.00
# Visual Studio Version 17
VisualStudioVersion = 17.10.34928.147
MinimumVisualStudioVersion = 10.0.40219.1
Project("{FAE04EC0-301F-11D3-BF4B-00C04F79EFBC}") = "AplicacionAsistencia", "AplicacionAsistencia\AplicacionAsistencia.csproj", "{944267B0-D5BC-410C-8279-CAB548211615}"
EndProject
Global
	GlobalSection(SolutionConfigurationPlatforms) = preSolution
		Debug|Any CPU = Debug|Any CPU
		Release|Any CPU = Release|Any CPU
	EndGlobalSection
	GlobalSection(ProjectConfigurationPlatforms) = postSolution
		{944267B0-D5BC-410C-8279-CAB548211615}.Debug|Any CPU.ActiveCfg = Debug|Any CPU
		{944267B0-D5BC-410C-8279-CAB548211615}.Debug|Any CPU.Build.0 = Debug|Any CPU
		{944267B0-D5BC-410C-8279-CAB548211615}.Release|Any CPU.ActiveCfg = Release|Any CPU
		{944267B0-D5BC-410C-8279-CAB548211615}.Release|Any CPU.Build.0 = Release|Any CPU
	EndGlobalSection
	GlobalSection(SolutionProperties) = preSolution
		HideSolutionNode = FALSE
	EndGlobalSection
	GlobalSection(ExtensibilityGlobals) = postSolution
		SolutionGuid = {81F44529-BBF6-4275-8973-E59D9595A56B}
	EndGlobalSection
EndGlobal
